
Microsoft Visual Studio Solution File, Format Version 12.00
# Visual Studio Version 16
VisualStudioVersion = 16.0.30320.27
MinimumVisualStudioVersion = 10.0.40219.1
Project("{9A19103F-16F7-4668-BE54-9A1E7A4F7556}") = "Decibase_Model", "Decibase_Model\Decibase_Model.csproj", "{277071C1-BA6D-44A6-A430-332293ACEAD3}"
EndProject
Project("{9A19103F-16F7-4668-BE54-9A1E7A4F7556}") = "Decibase_Tests", "Decibase_Tests\Decibase_Tests.csproj", "{968645CA-824F-4349-846C-551017FB0E89}"
EndProject
Project("{9A19103F-16F7-4668-BE54-9A1E7A4F7556}") = "Decibase_Control", "Decibase_Control\Decibase_Control.csproj", "{539E63AD-F6F1-460B-9393-178CE5BBD76F}"
EndProject
Global
	GlobalSection(SolutionConfigurationPlatforms) = preSolution
		Debug|Any CPU = Debug|Any CPU
		Release|Any CPU = Release|Any CPU
	EndGlobalSection
	GlobalSection(ProjectConfigurationPlatforms) = postSolution
		{277071C1-BA6D-44A6-A430-332293ACEAD3}.Debug|Any CPU.ActiveCfg = Debug|Any CPU
		{277071C1-BA6D-44A6-A430-332293ACEAD3}.Debug|Any CPU.Build.0 = Debug|Any CPU
		{277071C1-BA6D-44A6-A430-332293ACEAD3}.Release|Any CPU.ActiveCfg = Release|Any CPU
		{277071C1-BA6D-44A6-A430-332293ACEAD3}.Release|Any CPU.Build.0 = Release|Any CPU
		{968645CA-824F-4349-846C-551017FB0E89}.Debug|Any CPU.ActiveCfg = Debug|Any CPU
		{968645CA-824F-4349-846C-551017FB0E89}.Debug|Any CPU.Build.0 = Debug|Any CPU
		{968645CA-824F-4349-846C-551017FB0E89}.Release|Any CPU.ActiveCfg = Release|Any CPU
		{968645CA-824F-4349-846C-551017FB0E89}.Release|Any CPU.Build.0 = Release|Any CPU
		{539E63AD-F6F1-460B-9393-178CE5BBD76F}.Debug|Any CPU.ActiveCfg = Debug|Any CPU
		{539E63AD-F6F1-460B-9393-178CE5BBD76F}.Debug|Any CPU.Build.0 = Debug|Any CPU
		{539E63AD-F6F1-460B-9393-178CE5BBD76F}.Release|Any CPU.ActiveCfg = Release|Any CPU
		{539E63AD-F6F1-460B-9393-178CE5BBD76F}.Release|Any CPU.Build.0 = Release|Any CPU
	EndGlobalSection
	GlobalSection(SolutionProperties) = preSolution
		HideSolutionNode = FALSE
	EndGlobalSection
	GlobalSection(ExtensibilityGlobals) = postSolution
		SolutionGuid = {0D348816-9E04-45A5-B606-BF572CB4A8F9}
	EndGlobalSection
EndGlobal
